
Microsoft Visual Studio Solution File, Format Version 12.00
Project("{FAE04EC0-301F-11D3-BF4B-00C04F79EFBC}") = "Milet.Api", "Milet.Api\Milet.Api.csproj", "{6BDDC096-FE38-4904-BBC3-D3ED08EDE3E8}"
EndProject
Project("{2150E333-8FDC-42A3-9474-1A3956D46DE8}") = "Milet", "Milet", "{08BE0E99-B05D-4154-8AB7-292722D6579A}"
EndProject
Global
	GlobalSection(SolutionConfigurationPlatforms) = preSolution
		Debug|Any CPU = Debug|Any CPU
		Release|Any CPU = Release|Any CPU
	EndGlobalSection
	GlobalSection(ProjectConfigurationPlatforms) = postSolution
		{6BDDC096-FE38-4904-BBC3-D3ED08EDE3E8}.Debug|Any CPU.ActiveCfg = Debug|Any CPU
		{6BDDC096-FE38-4904-BBC3-D3ED08EDE3E8}.Debug|Any CPU.Build.0 = Debug|Any CPU
		{6BDDC096-FE38-4904-BBC3-D3ED08EDE3E8}.Release|Any CPU.ActiveCfg = Release|Any CPU
		{6BDDC096-FE38-4904-BBC3-D3ED08EDE3E8}.Release|Any CPU.Build.0 = Release|Any CPU
	EndGlobalSection
	GlobalSection(NestedProjects) = preSolution
		{6BDDC096-FE38-4904-BBC3-D3ED08EDE3E8} = {08BE0E99-B05D-4154-8AB7-292722D6579A}
	EndGlobalSection
EndGlobal
